# This file is autogenerated, do not edit; changes may be undone by the next 'dep ensure'.


[[projects]]
  name = "github.com/guanwenbogit/go-lib"
  packages = ["com"]
  revision = "cf0d97dffa0079bfbec266fb782b20e63255d883"
  version = "0.0.1"

[solve-meta]
  analyzer-name = "dep"
  analyzer-version = 1
  inputs-digest = "6f09814817a358f97d69a4dc347f7d6cbbe0917e0b4d3f2eec9ace9ea241773d"
  solver-name = "gps-cdcl"
  solver-version = 1
